// !$*UTF8*$!
{
	archiveVersion = 1;
	classes = {
	};
	objectVersion = 46;
	objects = {

/* Begin PBXBuildFile section */
		FE254B9A19596E0A0066BBB7 /* AppDelegate.swift in Sources */ = {isa = PBXBuildFile; fileRef = FE254B9919596E0A0066BBB7 /* AppDelegate.swift */; };
		FE254B9C19596E0A0066BBB7 /* ViewController.swift in Sources */ = {isa = PBXBuildFile; fileRef = FE254B9B19596E0A0066BBB7 /* ViewController.swift */; };
		FE254B9F19596E0A0066BBB7 /* Main.storyboard in Resources */ = {isa = PBXBuildFile; fileRef = FE254B9D19596E0A0066BBB7 /* Main.storyboard */; };
		FE254BA119596E0A0066BBB7 /* Images.xcassets in Resources */ = {isa = PBXBuildFile; fileRef = FE254BA019596E0A0066BBB7 /* Images.xcassets */; };
		FE254BAD19596E0A0066BBB7 /* Hack2048Tests.swift in Sources */ = {isa = PBXBuildFile; fileRef = FE254BAC19596E0A0066BBB7 /* Hack2048Tests.swift */; };
/* End PBXBuildFile section */

/* Begin PBXContainerItemProxy section */
		FE254BA719596E0A0066BBB7 /* PBXContainerItemProxy */ = {
			isa = PBXContainerItemProxy;
			containerPortal = FE254B8C19596E0A0066BBB7 /* Project object */;
			proxyType = 1;
			remoteGlobalIDString = FE254B9319596E0A0066BBB7;
			remoteInfo = Hack2048;
		};
/* End PBXContainerItemProxy section */

/* Begin PBXFileReference section */
		FE254B9419596E0A0066BBB7 /* Hack2048.app */ = {isa = PBXFileReference; explicitFileType = wrapper.application; includeInIndex = 0; path = Hack2048.app; sourceTree = BUILT_PRODUCTS_DIR; };
		FE254B9819596E0A0066BBB7 /* Info.plist */ = {isa = PBXFileReference; lastKnownFileType = text.plist.xml; path = Info.plist; sourceTree = "<group>"; };
		FE254B9919596E0A0066BBB7 /* AppDelegate.swift */ = {isa = PBXFileReference; lastKnownFileType = sourcecode.swift; path = AppDelegate.swift; sourceTree = "<group>"; };
		FE254B9B19596E0A0066BBB7 /* ViewController.swift */ = {isa = PBXFileReference; lastKnownFileType = sourcecode.swift; path = ViewController.swift; sourceTree = "<group>"; };
		FE254B9E19596E0A0066BBB7 /* Base */ = {isa = PBXFileReference; lastKnownFileType = file.storyboard; name = Base; path = Base.lproj/Main.storyboard; sourceTree = "<group>"; };
		FE254BA019596E0A0066BBB7 /* Images.xcassets */ = {isa = PBXFileReference; lastKnownFileType = folder.assetcatalog; path = Images.xcassets; sourceTree = "<group>"; };
		FE254BA619596E0A0066BBB7 /* Hack2048Tests.xctest */ = {isa = PBXFileReference; explicitFileType = wrapper.cfbundle; includeInIndex = 0; path = Hack2048Tests.xctest; sourceTree = BUILT_PRODUCTS_DIR; };
		FE254BAB19596E0A0066BBB7 /* Info.plist */ = {isa = PBXFileReference; lastKnownFileType = text.plist.xml; path = Info.plist; sourceTree = "<group>"; };
		FE254BAC19596E0A0066BBB7 /* Hack2048Tests.swift */ = {isa = PBXFileReference; lastKnownFileType = sourcecode.swift; path = Hack2048Tests.swift; sourceTree = "<group>"; };
/* End PBXFileReference section */

/* Begin PBXFrameworksBuildPhase section */
		FE254B9119596E0A0066BBB7 /* Frameworks */ = {
			isa = PBXFrameworksBuildPhase;
			buildActionMask = 2147483647;
			files = (
			);
			runOnlyForDeploymentPostprocessing = 0;
		};
		FE254BA319596E0A0066BBB7 /* Frameworks */ = {
			isa = PBXFrameworksBuildPhase;
			buildActionMask = 2147483647;
			files = (
			);
			runOnlyForDeploymentPostprocessing = 0;
		};
/* End PBXFrameworksBuildPhase section */

/* Begin PBXGroup section */
		FE254B8B19596E0A0066BBB7 = {
			isa = PBXGroup;
			children = (
				FE254B9619596E0A0066BBB7 /* Hack2048 */,
				FE254BA919596E0A0066BBB7 /* Hack2048Tests */,
				FE254B9519596E0A0066BBB7 /* Products */,
			);
			sourceTree = "<group>";
		};
		FE254B9519596E0A0066BBB7 /* Products */ = {
			isa = PBXGroup;
			children = (
				FE254B9419596E0A0066BBB7 /* Hack2048.app */,
				FE254BA619596E0A0066BBB7 /* Hack2048Tests.xctest */,
			);
			name = Products;
			sourceTree = "<group>";
		};
		FE254B9619596E0A0066BBB7 /* Hack2048 */ = {
			isa = PBXGroup;
			children = (
				FE254B9919596E0A0066BBB7 /* AppDelegate.swift */,
				FE254B9B19596E0A0066BBB7 /* ViewController.swift */,
				FE254B9D19596E0A0066BBB7 /* Main.storyboard */,
				FE254BA019596E0A0066BBB7 /* Images.xcassets */,
				FE254B9719596E0A0066BBB7 /* Supporting Files */,
			);
			path = Hack2048;
			sourceTree = "<group>";
		};
		FE254B9719596E0A0066BBB7 /* Supporting Files */ = {
			isa = PBXGroup;
			children = (
				FE254B9819596E0A0066BBB7 /* Info.plist */,
			);
			name = "Supporting Files";
			sourceTree = "<group>";
		};
		FE254BA919596E0A0066BBB7 /* Hack2048Tests */ = {
			isa = PBXGroup;
			children = (
				FE254BAC19596E0A0066BBB7 /* Hack2048Tests.swift */,
				FE254BAA19596E0A0066BBB7 /* Supporting Files */,
			);
			path = Hack2048Tests;
			sourceTree = "<group>";
		};
		FE254BAA19596E0A0066BBB7 /* Supporting Files */ = {
			isa = PBXGroup;
			children = (
				FE254BAB19596E0A0066BBB7 /* Info.plist */,
			);
			name = "Supporting Files";
			sourceTree = "<group>";
		};
/* End PBXGroup section */

/* Begin PBXNativeTarget section */
		FE254B9319596E0A0066BBB7 /* Hack2048 */ = {
			isa = PBXNativeTarget;
			buildConfigurationList = FE254BB019596E0A0066BBB7 /* Build configuration list for PBXNativeTarget "Hack2048" */;
			buildPhases = (
				FE254B9019596E0A0066BBB7 /* Sources */,
				FE254B9119596E0A0066BBB7 /* Frameworks */,
				FE254B9219596E0A0066BBB7 /* Resources */,
			);
			buildRules = (
			);
			dependencies = (
			);
			name = Hack2048;
			productName = Hack2048;
			productReference = FE254B9419596E0A0066BBB7 /* Hack2048.app */;
			productType = "com.apple.product-type.application";
		};
		FE254BA519596E0A0066BBB7 /* Hack2048Tests */ = {
			isa = PBXNativeTarget;
			buildConfigurationList = FE254BB319596E0A0066BBB7 /* Build configuration list for PBXNativeTarget "Hack2048Tests" */;
			buildPhases = (
				FE254BA219596E0A0066BBB7 /* Sources */,
				FE254BA319596E0A0066BBB7 /* Frameworks */,
				FE254BA419596E0A0066BBB7 /* Resources */,
			);
			buildRules = (
			);
			dependencies = (
				FE254BA819596E0A0066BBB7 /* PBXTargetDependency */,
			);
			name = Hack2048Tests;
			productName = Hack2048Tests;
			productReference = FE254BA619596E0A0066BBB7 /* Hack2048Tests.xctest */;
			productType = "com.apple.product-type.bundle.unit-test";
		};
/* End PBXNativeTarget section */

/* Begin PBXProject section */
		FE254B8C19596E0A0066BBB7 /* Project object */ = {
			isa = PBXProject;
			attributes = {
				LastUpgradeCheck = 0600;
				ORGANIZATIONNAME = HackerMeetings;
				TargetAttributes = {
					FE254B9319596E0A0066BBB7 = {
						CreatedOnToolsVersion = 6.0;
					};
					FE254BA519596E0A0066BBB7 = {
						CreatedOnToolsVersion = 6.0;
						TestTargetID = FE254B9319596E0A0066BBB7;
					};
				};
			};
			buildConfigurationList = FE254B8F19596E0A0066BBB7 /* Build configuration list for PBXProject "Hack2048" */;
			compatibilityVersion = "Xcode 3.2";
			developmentRegion = English;
			hasScannedForEncodings = 0;
			knownRegions = (
				en,
				Base,
			);
			mainGroup = FE254B8B19596E0A0066BBB7;
			productRefGroup = FE254B9519596E0A0066BBB7 /* Products */;
			projectDirPath = "";
			projectRoot = "";
			targets = (
				FE254B9319596E0A0066BBB7 /* Hack2048 */,
				FE254BA519596E0A0066BBB7 /* Hack2048Tests */,
			);
		};
/* End PBXProject section */

/* Begin PBXResourcesBuildPhase section */
		FE254B9219596E0A0066BBB7 /* Resources */ = {
			isa = PBXResourcesBuildPhase;
			buildActionMask = 2147483647;
			files = (
				FE254B9F19596E0A0066BBB7 /* Main.storyboard in Resources */,
				FE254BA119596E0A0066BBB7 /* Images.xcassets in Resources */,
			);
			runOnlyForDeploymentPostprocessing = 0;
		};
		FE254BA419596E0A0066BBB7 /* Resources */ = {
			isa = PBXResourcesBuildPhase;
			buildActionMask = 2147483647;
			files = (
			);
			runOnlyForDeploymentPostprocessing = 0;
		};
/* End PBXResourcesBuildPhase section */

/* Begin PBXSourcesBuildPhase section */
		FE254B9019596E0A0066BBB7 /* Sources */ = {
			isa = PBXSourcesBuildPhase;
			buildActionMask = 2147483647;
			files = (
				FE254B9C19596E0A0066BBB7 /* ViewController.swift in Sources */,
				FE254B9A19596E0A0066BBB7 /* AppDelegate.swift in Sources */,
			);
			runOnlyForDeploymentPostprocessing = 0;
		};
		FE254BA219596E0A0066BBB7 /* Sources */ = {
			isa = PBXSourcesBuildPhase;
			buildActionMask = 2147483647;
			files = (
				FE254BAD19596E0A0066BBB7 /* Hack2048Tests.swift in Sources */,
			);
			runOnlyForDeploymentPostprocessing = 0;
		};
/* End PBXSourcesBuildPhase section */

/* Begin PBXTargetDependency section */
		FE254BA819596E0A0066BBB7 /* PBXTargetDependency */ = {
			isa = PBXTargetDependency;
			target = FE254B9319596E0A0066BBB7 /* Hack2048 */;
			targetProxy = FE254BA719596E0A0066BBB7 /* PBXContainerItemProxy */;
		};
/* End PBXTargetDependency section */

/* Begin PBXVariantGroup section */
		FE254B9D19596E0A0066BBB7 /* Main.storyboard */ = {
			isa = PBXVariantGroup;
			children = (
				FE254B9E19596E0A0066BBB7 /* Base */,
			);
			name = Main.storyboard;
			sourceTree = "<group>";
		};
/* End PBXVariantGroup section */

/* Begin XCBuildConfiguration section */
		FE254BAE19596E0A0066BBB7 /* Debug */ = {
			isa = XCBuildConfiguration;
			buildSettings = {
				ALWAYS_SEARCH_USER_PATHS = NO;
				CLANG_CXX_LANGUAGE_STANDARD = "gnu++0x";
				CLANG_CXX_LIBRARY = "libc++";
				CLANG_ENABLE_MODULES = YES;
				CLANG_ENABLE_OBJC_ARC = YES;
				CLANG_WARN_BOOL_CONVERSION = YES;
				CLANG_WARN_CONSTANT_CONVERSION = YES;
				CLANG_WARN_DIRECT_OBJC_ISA_USAGE = YES_ERROR;
				CLANG_WARN_EMPTY_BODY = YES;
				CLANG_WARN_ENUM_CONVERSION = YES;
				CLANG_WARN_INT_CONVERSION = YES;
				CLANG_WARN_OBJC_ROOT_CLASS = YES_ERROR;
				CLANG_WARN_UNREACHABLE_CODE = YES;
				CLANG_WARN__DUPLICATE_METHOD_MATCH = YES;
				"CODE_SIGN_IDENTITY[sdk=iphoneos*]" = "iPhone Developer";
				COPY_PHASE_STRIP = NO;
				ENABLE_STRICT_OBJC_MSGSEND = YES;
				GCC_C_LANGUAGE_STANDARD = gnu99;
				GCC_DYNAMIC_NO_PIC = NO;
				GCC_OPTIMIZATION_LEVEL = 0;
				GCC_PREPROCESSOR_DEFINITIONS = (
					"DEBUG=1",
					"$(inherited)",
				);
				GCC_SYMBOLS_PRIVATE_EXTERN = NO;
				GCC_WARN_64_TO_32_BIT_CONVERSION = YES;
				GCC_WARN_ABOUT_RETURN_TYPE = YES_ERROR;
				GCC_WARN_UNDECLARED_SELECTOR = YES;
				GCC_WARN_UNINITIALIZED_AUTOS = YES_AGGRESSIVE;
				GCC_WARN_UNUSED_FUNCTION = YES;
				GCC_WARN_UNUSED_VARIABLE = YES;
				IPHONEOS_DEPLOYMENT_TARGET = 8.0;
				METAL_ENABLE_DEBUG_INFO = YES;
				ONLY_ACTIVE_ARCH = YES;
				SDKROOT = iphoneos;
				SWIFT_OPTIMIZATION_LEVEL = "-Onone";
				TARGETED_DEVICE_FAMILY = "1,2";
			};
			name = Debug;
		};
		FE254BAF19596E0A0066BBB7 /* Release */ = {
			isa = XCBuildConfiguration;
			buildSettings = {
				ALWAYS_SEARCH_USER_PATHS = NO;
				CLANG_CXX_LANGUAGE_STANDARD = "gnu++0x";
				CLANG_CXX_LIBRARY = "libc++";
				CLANG_ENABLE_MODULES = YES;
				CLANG_ENABLE_OBJC_ARC = YES;
				CLANG_WARN_BOOL_CONVERSION = YES;
				CLANG_WARN_CONSTANT_CONVERSION = YES;
				CLANG_WARN_DIRECT_OBJC_ISA_USAGE = YES_ERROR;
				CLANG_WARN_EMPTY_BODY = YES;
				CLANG_WARN_ENUM_CONVERSION = YES;
				CLANG_WARN_INT_CONVERSION = YES;
				CLANG_WARN_OBJC_ROOT_CLASS = YES_ERROR;
				CLANG_WARN_UNREACHABLE_CODE = YES;
				CLANG_WARN__DUPLICATE_METHOD_MATCH = YES;
				"CODE_SIGN_IDENTITY[sdk=iphoneos*]" = "iPhone Developer";
				COPY_PHASE_STRIP = YES;
				ENABLE_NS_ASSERTIONS = NO;
				ENABLE_STRICT_OBJC_MSGSEND = YES;
				GCC_C_LANGUAGE_STANDARD = gnu99;
				GCC_WARN_64_TO_32_BIT_CONVERSION = YES;
				GCC_WARN_ABOUT_RETURN_TYPE = YES_ERROR;
				GCC_WARN_UNDECLARED_SELECTOR = YES;
				GCC_WARN_UNINITIALIZED_AUTOS = YES_AGGRESSIVE;
				GCC_WARN_UNUSED_FUNCTION = YES;
				GCC_WARN_UNUSED_VARIABLE = YES;
				IPHONEOS_DEPLOYMENT_TARGET = 8.0;
				METAL_ENABLE_DEBUG_INFO = NO;
				SDKROOT = iphoneos;
				TARGETED_DEVICE_FAMILY = "1,2";
				VALIDATE_PRODUCT = YES;
			};
			name = Release;
		};
		FE254BB119596E0A0066BBB7 /* Debug */ = {
			isa = XCBuildConfiguration;
			buildSettings = {
				ASSETCATALOG_COMPILER_APPICON_NAME = AppIcon;
				ASSETCATALOG_COMPILER_LAUNCHIMAGE_NAME = LaunchImage;
				INFOPLIST_FILE = Hack2048/Info.plist;
				LD_RUNPATH_SEARCH_PATHS = "$(inherited) @executable_path/Frameworks";
				PRODUCT_NAME = "$(TARGET_NAME)";
			};
			name = Debug;
		};
		FE254BB219596E0A0066BBB7 /* Release */ = {
			isa = XCBuildConfiguration;
			buildSettings = {
				ASSETCATALOG_COMPILER_APPICON_NAME = AppIcon;
				ASSETCATALOG_COMPILER_LAUNCHIMAGE_NAME = LaunchImage;
				INFOPLIST_FILE = Hack2048/Info.plist;
				LD_RUNPATH_SEARCH_PATHS = "$(inherited) @executable_path/Frameworks";
				PRODUCT_NAME = "$(TARGET_NAME)";
			};
			name = Release;
		};
		FE254BB419596E0A0066BBB7 /* Debug */ = {
			isa = XCBuildConfiguration;
			buildSettings = {
				BUNDLE_LOADER = "$(BUILT_PRODUCTS_DIR)/Hack2048.app/Hack2048";
				FRAMEWORK_SEARCH_PATHS = (
					"$(SDKROOT)/Developer/Library/Frameworks",
					"$(inherited)",
				);
				GCC_PREPROCESSOR_DEFINITIONS = (
					"DEBUG=1",
					"$(inherited)",
				);
				INFOPLIST_FILE = Hack2048Tests/Info.plist;
				LD_RUNPATH_SEARCH_PATHS = "$(inherited) @executable_path/Frameworks @loader_path/Frameworks";
				METAL_ENABLE_DEBUG_INFO = YES;
				PRODUCT_NAME = "$(TARGET_NAME)";
				TEST_HOST = "$(BUNDLE_LOADER)";
			};
			name = Debug;
		};
		FE254BB519596E0A0066BBB7 /* Release */ = {
			isa = XCBuildConfiguration;
			buildSettings = {
				BUNDLE_LOADER = "$(BUILT_PRODUCTS_DIR)/Hack2048.app/Hack2048";
				FRAMEWORK_SEARCH_PATHS = (
					"$(SDKROOT)/Developer/Library/Frameworks",
					"$(inherited)",
				);
				INFOPLIST_FILE = Hack2048Tests/Info.plist;
				LD_RUNPATH_SEARCH_PATHS = "$(inherited) @executable_path/Frameworks @loader_path/Frameworks";
				METAL_ENABLE_DEBUG_INFO = NO;
				PRODUCT_NAME = "$(TARGET_NAME)";
				TEST_HOST = "$(BUNDLE_LOADER)";
			};
			name = Release;
		};
/* End XCBuildConfiguration section */

/* Begin XCConfigurationList section */
		FE254B8F19596E0A0066BBB7 /* Build configuration list for PBXProject "Hack2048" */ = {
			isa = XCConfigurationList;
			buildConfigurations = (
				FE254BAE19596E0A0066BBB7 /* Debug */,
				FE254BAF19596E0A0066BBB7 /* Release */,
			);
			defaultConfigurationIsVisible = 0;
			defaultConfigurationName = Release;
		};
		FE254BB019596E0A0066BBB7 /* Build configuration list for PBXNativeTarget "Hack2048" */ = {
			isa = XCConfigurationList;
			buildConfigurations = (
				FE254BB119596E0A0066BBB7 /* Debug */,
				FE254BB219596E0A0066BBB7 /* Release */,
			);
			defaultConfigurationIsVisible = 0;
		};
		FE254BB319596E0A0066BBB7 /* Build configuration list for PBXNativeTarget "Hack2048Tests" */ = {
			isa = XCConfigurationList;
			buildConfigurations = (
				FE254BB419596E0A0066BBB7 /* Debug */,
				FE254BB519596E0A0066BBB7 /* Release */,
			);
			defaultConfigurationIsVisible = 0;
		};
/* End XCConfigurationList section */
	};
	rootObject = FE254B8C19596E0A0066BBB7 /* Project object */;
}
